
Microsoft Visual Studio Solution File, Format Version 12.00
# Visual Studio Version 17
VisualStudioVersion = 17.5.33530.505
MinimumVisualStudioVersion = 10.0.40219.1
Project("{FAE04EC0-301F-11D3-BF4B-00C04F79EFBC}") = "apiUserProjectN5", "apiUserProjectN5.csproj", "{17A6D96F-F217-45DF-A790-4BAFDD60C245}"
EndProject
Global
	GlobalSection(SolutionConfigurationPlatforms) = preSolution
		Debug|Any CPU = Debug|Any CPU
		Release|Any CPU = Release|Any CPU
	EndGlobalSection
	GlobalSection(ProjectConfigurationPlatforms) = postSolution
		{17A6D96F-F217-45DF-A790-4BAFDD60C245}.Debug|Any CPU.ActiveCfg = Debug|Any CPU
		{17A6D96F-F217-45DF-A790-4BAFDD60C245}.Debug|Any CPU.Build.0 = Debug|Any CPU
		{17A6D96F-F217-45DF-A790-4BAFDD60C245}.Release|Any CPU.ActiveCfg = Release|Any CPU
		{17A6D96F-F217-45DF-A790-4BAFDD60C245}.Release|Any CPU.Build.0 = Release|Any CPU
	EndGlobalSection
	GlobalSection(SolutionProperties) = preSolution
		HideSolutionNode = FALSE
	EndGlobalSection
	GlobalSection(ExtensibilityGlobals) = postSolution
		SolutionGuid = {CAD9BF7F-09DD-42C0-816D-92DB26B3AAAC}
	EndGlobalSection
EndGlobal
